Microsoft Visual Studio Solution File, Format Version 12.00
# Visual Studio Version 17
VisualStudioVersion = 17.5.2.0
MinimumVisualStudioVersion = 10.0.40219.1
Project("{2150E333-8FDC-42A3-9474-1A3956D46DE8}") = "backend_for_test", "backend_for_test", "{D85DD93B-FFE7-0011-36D3-0CCE0498A283}"
EndProject
Project("{2150E333-8FDC-42A3-9474-1A3956D46DE8}") = "aspnetcore_sample", "aspnetcore_sample", "{A59AEFCE-AA4C-8826-A70D-8AF522C4CBDC}"
EndProject
Project("{FAE04EC0-301F-11D3-BF4B-00C04F79EFBC}") = "Sample", "backend_for_test\aspnetcore_sample\Sample.csproj", "{64C28A62-9861-7D25-3D6E-8D957559996B}"
EndProject
Global
	GlobalSection(SolutionConfigurationPlatforms) = preSolution
		Debug|Any CPU = Debug|Any CPU
		Release|Any CPU = Release|Any CPU
	EndGlobalSection
	GlobalSection(ProjectConfigurationPlatforms) = postSolution
		{64C28A62-9861-7D25-3D6E-8D957559996B}.Debug|Any CPU.ActiveCfg = Debug|Any CPU
		{64C28A62-9861-7D25-3D6E-8D957559996B}.Debug|Any CPU.Build.0 = Debug|Any CPU
		{64C28A62-9861-7D25-3D6E-8D957559996B}.Release|Any CPU.ActiveCfg = Release|Any CPU
		{64C28A62-9861-7D25-3D6E-8D957559996B}.Release|Any CPU.Build.0 = Release|Any CPU
	EndGlobalSection
	GlobalSection(SolutionProperties) = preSolution
		HideSolutionNode = FALSE
	EndGlobalSection
	GlobalSection(NestedProjects) = preSolution
		{A59AEFCE-AA4C-8826-A70D-8AF522C4CBDC} = {D85DD93B-FFE7-0011-36D3-0CCE0498A283}
		{64C28A62-9861-7D25-3D6E-8D957559996B} = {A59AEFCE-AA4C-8826-A70D-8AF522C4CBDC}
	EndGlobalSection
	GlobalSection(ExtensibilityGlobals) = postSolution
		SolutionGuid = {21686763-E575-4F85-9B80-09E4567BED2D}
	EndGlobalSection
EndGlobal
